
Microsoft Visual Studio Solution File, Format Version 12.00
Project("{FAE04EC0-301F-11D3-BF4B-00C04F79EFBC}") = "ProcessManager", "ProcessManager\ProcessManager.csproj", "{97233882-4E01-40BF-8F95-DCD3D2ECD5E9}"
EndProject
Project("{FAE04EC0-301F-11D3-BF4B-00C04F79EFBC}") = "ProcessManager.Tests", "ProcessManager.Tests\ProcessManager.Tests.csproj", "{7CC2D7D6-87AF-4B2D-9DEA-F9A0AE053A81}"
EndProject
Global
	GlobalSection(SolutionConfigurationPlatforms) = preSolution
		Debug|Any CPU = Debug|Any CPU
		Release|Any CPU = Release|Any CPU
	EndGlobalSection
	GlobalSection(ProjectConfigurationPlatforms) = postSolution
		{97233882-4E01-40BF-8F95-DCD3D2ECD5E9}.Debug|Any CPU.ActiveCfg = Debug|Any CPU
		{97233882-4E01-40BF-8F95-DCD3D2ECD5E9}.Debug|Any CPU.Build.0 = Debug|Any CPU
		{97233882-4E01-40BF-8F95-DCD3D2ECD5E9}.Release|Any CPU.ActiveCfg = Release|Any CPU
		{97233882-4E01-40BF-8F95-DCD3D2ECD5E9}.Release|Any CPU.Build.0 = Release|Any CPU
		{7CC2D7D6-87AF-4B2D-9DEA-F9A0AE053A81}.Debug|Any CPU.ActiveCfg = Debug|Any CPU
		{7CC2D7D6-87AF-4B2D-9DEA-F9A0AE053A81}.Debug|Any CPU.Build.0 = Debug|Any CPU
		{7CC2D7D6-87AF-4B2D-9DEA-F9A0AE053A81}.Release|Any CPU.ActiveCfg = Release|Any CPU
		{7CC2D7D6-87AF-4B2D-9DEA-F9A0AE053A81}.Release|Any CPU.Build.0 = Release|Any CPU
	EndGlobalSection
EndGlobal
